
Microsoft Visual Studio Solution File, Format Version 12.00
# Visual Studio Version 17
VisualStudioVersion = 17.7.34031.279
MinimumVisualStudioVersion = 10.0.40219.1
Project("{FAE04EC0-301F-11D3-BF4B-00C04F79EFBC}") = "tahmaz_sual_cavab_oyunu", "tahmaz_sual_cavab_oyunu.csproj", "{B04ADE48-1D18-4AB1-972A-4DF5D274D8DD}"
EndProject
Global
	GlobalSection(SolutionConfigurationPlatforms) = preSolution
		Debug|Any CPU = Debug|Any CPU
		Release|Any CPU = Release|Any CPU
	EndGlobalSection
	GlobalSection(ProjectConfigurationPlatforms) = postSolution
		{B04ADE48-1D18-4AB1-972A-4DF5D274D8DD}.Debug|Any CPU.ActiveCfg = Debug|Any CPU
		{B04ADE48-1D18-4AB1-972A-4DF5D274D8DD}.Debug|Any CPU.Build.0 = Debug|Any CPU
		{B04ADE48-1D18-4AB1-972A-4DF5D274D8DD}.Release|Any CPU.ActiveCfg = Release|Any CPU
		{B04ADE48-1D18-4AB1-972A-4DF5D274D8DD}.Release|Any CPU.Build.0 = Release|Any CPU
	EndGlobalSection
	GlobalSection(SolutionProperties) = preSolution
		HideSolutionNode = FALSE
	EndGlobalSection
	GlobalSection(ExtensibilityGlobals) = postSolution
		SolutionGuid = {DB469DD9-8A0B-4149-8EE4-0F60F1666733}
	EndGlobalSection
EndGlobal
